
Microsoft Visual Studio Solution File, Format Version 12.00
# Visual Studio Version 17
VisualStudioVersion = 17.4.33110.190
MinimumVisualStudioVersion = 10.0.40219.1
Project("{FAE04EC0-301F-11D3-BF4B-00C04F79EFBC}") = "CompanyEmployees", "CompanyEmployees\CompanyEmployees.csproj", "{51B49BD9-CF6F-4053-8BA1-369E3877EA26}"
EndProject
Global
	GlobalSection(SolutionConfigurationPlatforms) = preSolution
		Debug|Any CPU = Debug|Any CPU
		Release|Any CPU = Release|Any CPU
	EndGlobalSection
	GlobalSection(ProjectConfigurationPlatforms) = postSolution
		{51B49BD9-CF6F-4053-8BA1-369E3877EA26}.Debug|Any CPU.ActiveCfg = Debug|Any CPU
		{51B49BD9-CF6F-4053-8BA1-369E3877EA26}.Debug|Any CPU.Build.0 = Debug|Any CPU
		{51B49BD9-CF6F-4053-8BA1-369E3877EA26}.Release|Any CPU.ActiveCfg = Release|Any CPU
		{51B49BD9-CF6F-4053-8BA1-369E3877EA26}.Release|Any CPU.Build.0 = Release|Any CPU
	EndGlobalSection
	GlobalSection(SolutionProperties) = preSolution
		HideSolutionNode = FALSE
	EndGlobalSection
	GlobalSection(ExtensibilityGlobals) = postSolution
		SolutionGuid = {A5E79C37-8B20-4DCB-9FC0-40D9B50104EB}
	EndGlobalSection
EndGlobal
